
Microsoft Visual Studio Solution File, Format Version 12.00
# Visual Studio 14
VisualStudioVersion = 14.0.25420.1
MinimumVisualStudioVersion = 10.0.40219.1
Project("{8BC9CEB8-8B4A-11D0-8D11-00A0C91BC942}") = "W32D1", "W32D1\W32D1.vcxproj", "{4F6A6504-A2FE-4E6D-A8D6-616E2E55B046}"
EndProject
Project("{8BC9CEB8-8B4A-11D0-8D11-00A0C91BC942}") = "W32D2", "W32D2\W32D2.vcxproj", "{BF5D881A-5F65-4A4F-81AB-BE7D20497990}"
EndProject
Project("{8BC9CEB8-8B4A-11D0-8D11-00A0C91BC942}") = "usedll", "usedll\usedll.vcxproj", "{B2516A12-82D1-4818-9DEB-496ADCB7A9C4}"
EndProject
Global
	GlobalSection(SolutionConfigurationPlatforms) = preSolution
		Debug|x64 = Debug|x64
		Debug|x86 = Debug|x86
		Release|x64 = Release|x64
		Release|x86 = Release|x86
	EndGlobalSection
	GlobalSection(ProjectConfigurationPlatforms) = postSolution
		{4F6A6504-A2FE-4E6D-A8D6-616E2E55B046}.Debug|x64.ActiveCfg = Debug|x64
		{4F6A6504-A2FE-4E6D-A8D6-616E2E55B046}.Debug|x64.Build.0 = Debug|x64
		{4F6A6504-A2FE-4E6D-A8D6-616E2E55B046}.Debug|x86.ActiveCfg = Debug|Win32
		{4F6A6504-A2FE-4E6D-A8D6-616E2E55B046}.Debug|x86.Build.0 = Debug|Win32
		{4F6A6504-A2FE-4E6D-A8D6-616E2E55B046}.Release|x64.ActiveCfg = Release|x64
		{4F6A6504-A2FE-4E6D-A8D6-616E2E55B046}.Release|x64.Build.0 = Release|x64
		{4F6A6504-A2FE-4E6D-A8D6-616E2E55B046}.Release|x86.ActiveCfg = Release|Win32
		{4F6A6504-A2FE-4E6D-A8D6-616E2E55B046}.Release|x86.Build.0 = Release|Win32
		{BF5D881A-5F65-4A4F-81AB-BE7D20497990}.Debug|x64.ActiveCfg = Debug|x64
		{BF5D881A-5F65-4A4F-81AB-BE7D20497990}.Debug|x64.Build.0 = Debug|x64
		{BF5D881A-5F65-4A4F-81AB-BE7D20497990}.Debug|x86.ActiveCfg = Debug|Win32
		{BF5D881A-5F65-4A4F-81AB-BE7D20497990}.Debug|x86.Build.0 = Debug|Win32
		{BF5D881A-5F65-4A4F-81AB-BE7D20497990}.Release|x64.ActiveCfg = Release|x64
		{BF5D881A-5F65-4A4F-81AB-BE7D20497990}.Release|x64.Build.0 = Release|x64
		{BF5D881A-5F65-4A4F-81AB-BE7D20497990}.Release|x86.ActiveCfg = Release|Win32
		{BF5D881A-5F65-4A4F-81AB-BE7D20497990}.Release|x86.Build.0 = Release|Win32
		{B2516A12-82D1-4818-9DEB-496ADCB7A9C4}.Debug|x64.ActiveCfg = Debug|x64
		{B2516A12-82D1-4818-9DEB-496ADCB7A9C4}.Debug|x64.Build.0 = Debug|x64
		{B2516A12-82D1-4818-9DEB-496ADCB7A9C4}.Debug|x86.ActiveCfg = Debug|Win32
		{B2516A12-82D1-4818-9DEB-496ADCB7A9C4}.Debug|x86.Build.0 = Debug|Win32
		{B2516A12-82D1-4818-9DEB-496ADCB7A9C4}.Release|x64.ActiveCfg = Release|x64
		{B2516A12-82D1-4818-9DEB-496ADCB7A9C4}.Release|x64.Build.0 = Release|x64
		{B2516A12-82D1-4818-9DEB-496ADCB7A9C4}.Release|x86.ActiveCfg = Release|Win32
		{B2516A12-82D1-4818-9DEB-496ADCB7A9C4}.Release|x86.Build.0 = Release|Win32
	EndGlobalSection
	GlobalSection(SolutionProperties) = preSolution
		HideSolutionNode = FALSE
	EndGlobalSection
EndGlobal
